
Microsoft Visual Studio Solution File, Format Version 12.00
# Visual Studio Version 16
VisualStudioVersion = 16.0.31613.86
MinimumVisualStudioVersion = 10.0.40219.1
Project("{FAE04EC0-301F-11D3-BF4B-00C04F79EFBC}") = "DaemonKit", "DaemonKit\DaemonKit.csproj", "{C7BDDD71-5FB7-4FA6-A685-817B6B742236}"
EndProject
Global
	GlobalSection(SolutionConfigurationPlatforms) = preSolution
		Debug|Any CPU = Debug|Any CPU
		Release|Any CPU = Release|Any CPU
	EndGlobalSection
	GlobalSection(ProjectConfigurationPlatforms) = postSolution
		{C7BDDD71-5FB7-4FA6-A685-817B6B742236}.Debug|Any CPU.ActiveCfg = Debug|Any CPU
		{C7BDDD71-5FB7-4FA6-A685-817B6B742236}.Debug|Any CPU.Build.0 = Debug|Any CPU
		{C7BDDD71-5FB7-4FA6-A685-817B6B742236}.Release|Any CPU.ActiveCfg = Release|Any CPU
		{C7BDDD71-5FB7-4FA6-A685-817B6B742236}.Release|Any CPU.Build.0 = Release|Any CPU
	EndGlobalSection
	GlobalSection(SolutionProperties) = preSolution
		HideSolutionNode = FALSE
	EndGlobalSection
	GlobalSection(ExtensibilityGlobals) = postSolution
		SolutionGuid = {964996EB-CEF2-493A-AEC0-D5A753AC1698}
	EndGlobalSection
EndGlobal
